{
  "requires": true,
  "lockfileVersion": 1,
  "dependencies": {
    "@uirouter/core": {
      "version": "6.0.5",
      "resolved": "https://registry.npmjs.org/@uirouter/core/-/core-6.0.5.tgz",
      "integrity": "sha512-WN2HyELsxvqLaCMYCWojGW/QLRBgFBfwyERp5jC3Vn1njo/FLI5hplVqWMu6LIGp6Hpz3pbdtSaiFb1iY7iTVw=="
    },
    "angular-ui-router": {
      "version": "1.0.26",
      "resolved": "https://registry.npmjs.org/angular-ui-router/-/angular-ui-router-1.0.26.tgz",
      "integrity": "sha512-jg5nohfbfSujxdQXcAWZCYG3R1xG9OSlUwa/wsEGGZ06met5rkZopcysc4dq0tcCZToL8CxwBgLyqldTvbXfjw==",
      "requires": {
        "@uirouter/core": "6.0.5"
      }
    }
  }
}
